
Microsoft Visual Studio Solution File, Format Version 12.00
# Visual Studio 15
VisualStudioVersion = 15.0.26730.12
MinimumVisualStudioVersion = 10.0.40219.1
Project("{FAE04EC0-301F-11D3-BF4B-00C04F79EFBC}") = "HW1", "HW1\HW1.csproj", "{755508E9-E2B3-4A85-B642-92DFB62C298F}"
EndProject
Project("{FAE04EC0-301F-11D3-BF4B-00C04F79EFBC}") = "UtilitsHelpers", "UtilitsHelpers\UtilitsHelpers.csproj", "{8244C9C7-17F4-423A-8427-A3AB13DD6549}"
EndProject
Global
	GlobalSection(SolutionConfigurationPlatforms) = preSolution
		Debug|Any CPU = Debug|Any CPU
		Release|Any CPU = Release|Any CPU
	EndGlobalSection
	GlobalSection(ProjectConfigurationPlatforms) = postSolution
		{755508E9-E2B3-4A85-B642-92DFB62C298F}.Debug|Any CPU.ActiveCfg = Debug|Any CPU
		{755508E9-E2B3-4A85-B642-92DFB62C298F}.Debug|Any CPU.Build.0 = Debug|Any CPU
		{755508E9-E2B3-4A85-B642-92DFB62C298F}.Release|Any CPU.ActiveCfg = Release|Any CPU
		{755508E9-E2B3-4A85-B642-92DFB62C298F}.Release|Any CPU.Build.0 = Release|Any CPU
		{8244C9C7-17F4-423A-8427-A3AB13DD6549}.Debug|Any CPU.ActiveCfg = Debug|Any CPU
		{8244C9C7-17F4-423A-8427-A3AB13DD6549}.Debug|Any CPU.Build.0 = Debug|Any CPU
		{8244C9C7-17F4-423A-8427-A3AB13DD6549}.Release|Any CPU.ActiveCfg = Release|Any CPU
		{8244C9C7-17F4-423A-8427-A3AB13DD6549}.Release|Any CPU.Build.0 = Release|Any CPU
	EndGlobalSection
	GlobalSection(SolutionProperties) = preSolution
		HideSolutionNode = FALSE
	EndGlobalSection
	GlobalSection(ExtensibilityGlobals) = postSolution
		SolutionGuid = {28C281F9-9570-40E2-A38F-55F476EF9580}
	EndGlobalSection
EndGlobal
